<Solution>
  <Folder Name="/Core/">
    <Project Path="Pos.tenant.Application/Pos.tenant.Application.csproj" />
    <Project Path="Pos.tenant.Domain/Pos.tenant.Domain.csproj" />
  </Folder>
  <Folder Name="/Infrastructure/">
    <Project Path="Pos.tenant.Infrastructure.Persistence/Pos.tenant.Infrastructure.Persistence.csproj" />
    <Project Path="Pos.tenant.Infrastructure.Shared/Pos.tenant.Infrastructure.Shared.csproj" />
  </Folder>
  <Folder Name="/WebApi/">
    <Project Path="Pos.tenant.WebApi/Pos.tenant.WebApi.csproj" />
  </Folder>
  <Project Path="Pos.tenant.IntegrationTests/Pos.tenant.IntegrationTests.csproj" Id="19e3ce9a-ed06-4d1d-a796-adf7e6c695c7" />
</Solution>
